{
  "name": "app",
  "requires": true,
  "lockfileVersion": 1,
  "dependencies": {
    "@esbuild/android-arm": {
      "version": "0.18.0",
      "resolved": "https://registry.npmjs.org/@esbuild/android-arm/-/android-arm-0.18.0.tgz",
      "integrity": "sha512-+uLHSiWK3qOeyDYCf/nuvIgCnQsYjXWNa3TlGYLW1pPG7OYMawllU+VyBgHQPjF2aIUVFpfrvz5aAfxGk/0qNg==",
      "optional": true
    },
    "@esbuild/android-arm64": {
      "version": "0.18.0",
      "resolved": "https://registry.npmjs.org/@esbuild/android-arm64/-/android-arm64-0.18.0.tgz",
      "integrity": "sha512-nAwRCs5+jxi3gBMVkOqmRvsITB/UtfpvkbMwAwJUIbp66NnPbV2KGCFnjNn7IEqabJQXfBLe/QLdjCGpHU+yEw==",
      "optional": true
    },
    "@esbuild/android-x64": {
      "version": "0.18.0",
      "resolved": "https://registry.npmjs.org/@esbuild/android-x64/-/android-x64-0.18.0.tgz",
      "integrity": "sha512-TiOJmHQ8bXCGlYLpBd3Qy7N8dxi4n6q+nOmTzPr5Hb/bUr+PKuP4e5lWaOlpkaKc1Q9wsFt+sHfQpFCrM7SMow==",
      "optional": true
    },
    "@esbuild/darwin-arm64": {
      "version": "0.18.0",
      "resolved": "https://registry.npmjs.org/@esbuild/darwin-arm64/-/darwin-arm64-0.18.0.tgz",
      "integrity": "sha512-5GsFovtGyjMIXJrcCzmI1hX3TneCrmFncFIlo0WrRvWcVU6H094P854ZaP8qoLgevXhggO2dhlEGYY0Zv6/S9Q==",
      "optional": true
    },
    "@esbuild/darwin-x64": {
      "version": "0.18.0",
      "resolved": "https://registry.npmjs.org/@esbuild/darwin-x64/-/darwin-x64-0.18.0.tgz",
      "integrity": "sha512-4K/QCksQ8F58rvC1D62Xi4q4E7YWpiyc3zy2H/n1W7y0hjQpOBBxciLn0qycMskP/m/I5h9HNbRlu1aK821sHg==",
      "optional": true
    },
    "@esbuild/freebsd-arm64": {
      "version": "0.18.0",
      "resolved": "https://registry.npmjs.org/@esbuild/freebsd-arm64/-/freebsd-arm64-0.18.0.tgz",
      "integrity": "sha512-DMazN0UGzipD0Fi1O9pRX0xfp+JC3gSnFWxTWq88Dr/odWhZzm8Jqy44LN2veYeipb1fBMxhoEp7eCr902SWqg==",
      "optional": true
    },
    "@esbuild/freebsd-x64": {
      "version": "0.18.0",
      "resolved": "https://registry.npmjs.org/@esbuild/freebsd-x64/-/freebsd-x64-0.18.0.tgz",
      "integrity": "sha512-GdkJAB3ZBiYnie9iFO9v/CM4ko0dm5SYkUs97lBKNLHw9mo4H9IXwGNKtUztisEsmUP0IWfEi4YTWOJF3DIO4w==",
      "optional": true
    },
    "@esbuild/linux-arm": {
      "version": "0.18.0",
      "resolved": "https://registry.npmjs.org/@esbuild/linux-arm/-/linux-arm-0.18.0.tgz",
      "integrity": "sha512-A3Ue/oZdb43znNpeY71FrAjZF20MtnBKCGb1vXLIVg5qg8rRM1gRgn6X2ixYwATiw5dE04JnP+aV4OBf8c5ZvQ==",
      "optional": true
    },
    "@esbuild/linux-arm64": {
      "version": "0.18.0",
      "resolved": "https://registry.npmjs.org/@esbuild/linux-arm64/-/linux-arm64-0.18.0.tgz",
      "integrity": "sha512-Mb3yCN9PXA6G5qf84UF0IEuXP22eyNlquF17Zs2F1vVBM0CtyWLYosC5JaxBxfK6EzWwB2IkPBIjMeK3ek+ItA==",
      "optional": true
    },
    "@esbuild/linux-ia32": {
      "version": "0.18.0",
      "resolved": "https://registry.npmjs.org/@esbuild/linux-ia32/-/linux-ia32-0.18.0.tgz",
      "integrity": "sha512-WNDXgJdfDhN6ZxHU7HgR2BRDVx9iGN8SpmebUUGdENg4MZJndGcaQuf2kCJjMwoK0+es1g61TeJzAMxfgDcmcA==",
      "optional": true
    },
    "@esbuild/linux-loong64": {
      "version": "0.18.0",
      "resolved": "https://registry.npmjs.org/@esbuild/linux-loong64/-/linux-loong64-0.18.0.tgz",
      "integrity": "sha512-PBr8Lf+L8amvheTGFVNK/0qionszkOKMq2WyfFlVz8D41v0+uSth6fYYHwtASkMk4xf+oh0vW8NYuav3/3RHuQ==",
      "optional": true
    },
    "@esbuild/linux-mips64el": {
      "version": "0.18.0",
      "resolved": "https://registry.npmjs.org/@esbuild/linux-mips64el/-/linux-mips64el-0.18.0.tgz",
      "integrity": "sha512-Lg4ygah5bwfDDCOMFsBJjSVbD1UzNwWt4f7DhpaSIFOrJqoECX1VTByKw3iSDAVRlwl1cljlfy7wlysrRZcdiQ==",
      "optional": true
    },
    "@esbuild/linux-ppc64": {
      "version": "0.18.0",
      "resolved": "https://registry.npmjs.org/@esbuild/linux-ppc64/-/linux-ppc64-0.18.0.tgz",
      "integrity": "sha512-obz/firdtou244DIjHzdKmJChwGseqA3tWGa6xPMfuq54Ca4Pp1a4ANMrqy2IZ67rfpRHcJTlb2h3rSfW6tvAA==",
      "optional": true
    },
    "@esbuild/linux-riscv64": {
      "version": "0.18.0",
      "resolved": "https://registry.npmjs.org/@esbuild/linux-riscv64/-/linux-riscv64-0.18.0.tgz",
      "integrity": "sha512-UkuBdxQsxi39wWrRLMOkJl//82/hpQw79TD+OBLw3IBYyVQ4Wfvpe56RfEGK/j439sIm79ccnD5RUNQceHvZdQ==",
      "optional": true
    },
    "@esbuild/linux-s390x": {
      "version": "0.18.0",
      "resolved": "https://registry.npmjs.org/@esbuild/linux-s390x/-/linux-s390x-0.18.0.tgz",
      "integrity": "sha512-MgyuC30oYB465hyAqsb3EH6Y4zTeqqgixRAOpsDNMCelyDiW9ZDPXvMPfBgCZGJlDZFGKDm2I9ou8E3VI+v7pg==",
      "optional": true
    },
    "@esbuild/linux-x64": {
      "version": "0.18.0",
      "resolved": "https://registry.npmjs.org/@esbuild/linux-x64/-/linux-x64-0.18.0.tgz",
      "integrity": "sha512-oLLKU3F4pKWAsNmfi7Rd4qkj0qvg1S923ZjlcISA2IMgHsODA9xzwerqWayI5nOhLGgKXviDofn9exTeA4EUQQ==",
      "optional": true
    },
    "@esbuild/netbsd-x64": {
      "version": "0.18.0",
      "resolved": "https://registry.npmjs.org/@esbuild/netbsd-x64/-/netbsd-x64-0.18.0.tgz",
      "integrity": "sha512-BEfJrZsZ/gMtpS2vC+2YoFGxmfLKiYQvj8lZrBfjKzQrwyMpH53CzQJj9ypOx9ldjM/MVxf9i9wi/rS4BWV7WA==",
      "optional": true
    },
    "@esbuild/openbsd-x64": {
      "version": "0.18.0",
      "resolved": "https://registry.npmjs.org/@esbuild/openbsd-x64/-/openbsd-x64-0.18.0.tgz",
      "integrity": "sha512-eDolHeG3REnEIgwl7Lw2S0znUMY4PFVtCAzLKqdRO0HD+iPKJR8n2MEJJyhPdUjcobo8SEQ2AG6gtYfft9VFHg==",
      "optional": true
    },
    "@esbuild/sunos-x64": {
      "version": "0.18.0",
      "resolved": "https://registry.npmjs.org/@esbuild/sunos-x64/-/sunos-x64-0.18.0.tgz",
      "integrity": "sha512-kl7vONem2wmRQke015rSrknmc6TYXKVNs2quiVTdvkSufscrjegpNqKyP7v6EHqXtvkzrB92ySjpfzazKG627g==",
      "optional": true
    },
    "@esbuild/win32-arm64": {
      "version": "0.18.0",
      "resolved": "https://registry.npmjs.org/@esbuild/win32-arm64/-/win32-arm64-0.18.0.tgz",
      "integrity": "sha512-WohArFQ3HStBu9MAsx3JUk2wfC2v8QoadnMoNfx3Y26ac54tD/wQhPzw4QOzQbSqOFqzIMLKWbxindTsko+9OA==",
      "optional": true
    },
    "@esbuild/win32-ia32": {
      "version": "0.18.0",
      "resolved": "https://registry.npmjs.org/@esbuild/win32-ia32/-/win32-ia32-0.18.0.tgz",
      "integrity": "sha512-SdnpSOxpeoewYCurmfLVepLuhOAphWkGTxWHifFjp37DaUHwF1fpGzyxhZoXMt5MKGuAO5aE3c5668YYtno+9Q==",
      "optional": true
    },
    "@esbuild/win32-x64": {
      "version": "0.18.0",
      "resolved": "https://registry.npmjs.org/@esbuild/win32-x64/-/win32-x64-0.18.0.tgz",
      "integrity": "sha512-WJxImv0Pehpbo+pgg7Xrn88/b6ZzSweNHTw/2LW95JjeQUIS6ToJeQmjAdud9H3yiHJmhLOmEAOvUdNLhptD0w==",
      "optional": true
    },
    "@hotwired/stimulus": {
      "version": "3.2.1",
      "resolved": "https://registry.npmjs.org/@hotwired/stimulus/-/stimulus-3.2.1.tgz",
      "integrity": "sha512-HGlzDcf9vv/EQrMJ5ZG6VWNs8Z/xMN+1o2OhV1gKiSG6CqZt5MCBB1gRg5ILiN3U0jEAxuDTNPRfBcnZBDmupQ=="
    },
    "@hotwired/turbo": {
      "version": "7.3.0",
      "resolved": "https://registry.npmjs.org/@hotwired/turbo/-/turbo-7.3.0.tgz",
      "integrity": "sha512-Dcu+NaSvHLT7EjrDrkEmH4qET2ZJZ5IcCWmNXxNQTBwlnE5tBZfN6WxZ842n5cHV52DH/AKNirbPBtcEXDLW4g=="
    },
    "@hotwired/turbo-rails": {
      "version": "7.3.0",
      "resolved": "https://registry.npmjs.org/@hotwired/turbo-rails/-/turbo-rails-7.3.0.tgz",
      "integrity": "sha512-fvhO64vp/a2UVQ3jue9WTc2JisMv9XilIC7ViZmXAREVwiQ2S4UC7Go8f9A1j4Xu7DBI6SbFdqILk5ImqVoqyA==",
      "requires": {
        "@hotwired/turbo": "^7.3.0",
        "@rails/actioncable": "^7.0"
      }
    },
    "@interactjs/types": {
      "version": "1.10.18",
      "resolved": "https://registry.npmjs.org/@interactjs/types/-/types-1.10.18.tgz",
      "integrity": "sha512-3a+2Kx6PhA60ekxImRQJl+EyT4lD0/kd3/PveyaLtgfNxkxnSWdUq7Ixo3Y/t1lon4EqVGZQgp+qj/QNaEs6qA=="
    },
    "@nodelib/fs.scandir": {
      "version": "2.1.5",
      "resolved": "https://registry.npmjs.org/@nodelib/fs.scandir/-/fs.scandir-2.1.5.tgz",
      "integrity": "sha512-vq24Bq3ym5HEQm2NKCr3yXDwjc7vTsEThRDnkp2DK9p1uqLR+DHurm/NOTo0KG7HYHU7eppKZj3MyqYuMBf62g==",
      "requires": {
        "@nodelib/fs.stat": "2.0.5",
        "run-parallel": "^1.1.9"
      }
    },
    "@nodelib/fs.stat": {
      "version": "2.0.5",
      "resolved": "https://registry.npmjs.org/@nodelib/fs.stat/-/fs.stat-2.0.5.tgz",
      "integrity": "sha512-RkhPPp2zrqDAQA/2jNhnztcPAlv64XdhIp7a7454A5ovI7Bukxgt7MX7udwAu3zg1DcpPU0rz3VV1SeaqvY4+A=="
    },
    "@nodelib/fs.walk": {
      "version": "1.2.8",
      "resolved": "https://registry.npmjs.org/@nodelib/fs.walk/-/fs.walk-1.2.8.tgz",
      "integrity": "sha512-oGB+UxlgWcgQkgwo8GcEGwemoTFt3FIO9ababBmaGwXIoBKZ+GTy0pP185beGg7Llih/NSHSV2XAs1lnznocSg==",
      "requires": {
        "@nodelib/fs.scandir": "2.1.5",
        "fastq": "^1.6.0"
      }
    },
    "@popperjs/core": {
      "version": "2.11.8",
      "resolved": "https://registry.npmjs.org/@popperjs/core/-/core-2.11.8.tgz",
      "integrity": "sha512-P1st0aksCrn9sGZhp8GMYwBnQsbvAWsZAX44oXNNvLHGqAOcoVxmjZiohstwQ7SqKnbR47akdNi+uleWD8+g6A=="
    },
    "@rails/actioncable": {
      "version": "7.0.5",
      "resolved": "https://registry.npmjs.org/@rails/actioncable/-/actioncable-7.0.5.tgz",
      "integrity": "sha512-SOBA2heB9lTw0VYIx8M/ed7inSf4I9sR8OIlJprhgkfQ3WJtrxPJ6DDATR1Z3RYaIR7HlT2Olj08v1lfGIGuHA=="
    },
    "@rails/request.js": {
      "version": "0.0.8",
      "resolved": "https://registry.npmjs.org/@rails/request.js/-/request.js-0.0.8.tgz",
      "integrity": "sha512-ysHYZDl+XjBwFVXz7EI7XW+ZWiTFY8t7TrC/ahpAPt0p7NE4DZxm1nJQY9gmF4PBf+4pAYa+D/rLIGmrn1ZMvg=="
    },
    "anymatch": {
      "version": "3.1.3",
      "resolved": "https://registry.npmjs.org/anymatch/-/anymatch-3.1.3.tgz",
      "integrity": "sha512-KMReFUr0B4t+D+OBkjR3KYqvocp2XaSzO55UcB6mgQMd3KbcE+mWTyvVV7D/zsdEbNnV6acZUutkiHQXvTr1Rw==",
      "requires": {
        "normalize-path": "^3.0.0",
        "picomatch": "^2.0.4"
      }
    },
    "binary-extensions": {
      "version": "2.2.0",
      "resolved": "https://registry.npmjs.org/binary-extensions/-/binary-extensions-2.2.0.tgz",
      "integrity": "sha512-jDctJ/IVQbZoJykoeHbhXpOlNBqGNcwXJKJog42E5HDPUwQTSdjCHdihjj0DlnheQ7blbT6dHOafNAiS8ooQKA=="
    },
    "bootstrap": {
      "version": "3.4.1",
      "resolved": "https://registry.npmjs.org/bootstrap/-/bootstrap-3.4.1.tgz",
      "integrity": "sha512-yN5oZVmRCwe5aKwzRj6736nSmKDX7pLYwsXiCj/EYmo16hODaBiT4En5btW/jhBF/seV+XMx3aYwukYC3A49DA=="
    },
    "bootstrap-icons": {
      "version": "1.10.5",
      "resolved": "https://registry.npmjs.org/bootstrap-icons/-/bootstrap-icons-1.10.5.tgz",
      "integrity": "sha512-oSX26F37V7QV7NCE53PPEL45d7EGXmBgHG3pDpZvcRaKVzWMqIRL9wcqJUyEha1esFtM3NJzvmxFXDxjJYD0jQ=="
    },
    "braces": {
      "version": "3.0.2",
      "resolved": "https://registry.npmjs.org/braces/-/braces-3.0.2.tgz",
      "integrity": "sha512-b8um+L1RzM3WDSzvhm6gIz1yfTbBt6YTlcEKAvsmqCZZFw46z626lVj9j1yEPW33H5H+lBQpZMP1k8l+78Ha0A==",
      "requires": {
        "fill-range": "^7.0.1"
      }
    },
    "chokidar": {
      "version": "3.5.3",
      "resolved": "https://registry.npmjs.org/chokidar/-/chokidar-3.5.3.tgz",
      "integrity": "sha512-Dr3sfKRP6oTcjf2JmUmFJfeVMvXBdegxB0iVQ5eb2V10uFJUCAS8OByZdVAyVb8xXNz3GjjTgj9kLWsZTqE6kw==",
      "requires": {
        "anymatch": "~3.1.2",
        "braces": "~3.0.2",
        "fsevents": "~2.3.2",
        "glob-parent": "~5.1.2",
        "is-binary-path": "~2.1.0",
        "is-glob": "~4.0.1",
        "normalize-path": "~3.0.0",
        "readdirp": "~3.6.0"
      }
    },
    "esbuild": {
      "version": "0.18.0",
      "resolved": "https://registry.npmjs.org/esbuild/-/esbuild-0.18.0.tgz",
      "integrity": "sha512-/2sQaWHNX2jkglLu85EjmEAR2ANpKOa1kp2rAE3wjKcuYjEHFlB+D60tn6W9BRgHiAQEKYtl4hEygKWothfDEA==",
      "requires": {
        "@esbuild/android-arm": "0.18.0",
        "@esbuild/android-arm64": "0.18.0",
        "@esbuild/android-x64": "0.18.0",
        "@esbuild/darwin-arm64": "0.18.0",
        "@esbuild/darwin-x64": "0.18.0",
        "@esbuild/freebsd-arm64": "0.18.0",
        "@esbuild/freebsd-x64": "0.18.0",
        "@esbuild/linux-arm": "0.18.0",
        "@esbuild/linux-arm64": "0.18.0",
        "@esbuild/linux-ia32": "0.18.0",
        "@esbuild/linux-loong64": "0.18.0",
        "@esbuild/linux-mips64el": "0.18.0",
        "@esbuild/linux-ppc64": "0.18.0",
        "@esbuild/linux-riscv64": "0.18.0",
        "@esbuild/linux-s390x": "0.18.0",
        "@esbuild/linux-x64": "0.18.0",
        "@esbuild/netbsd-x64": "0.18.0",
        "@esbuild/openbsd-x64": "0.18.0",
        "@esbuild/sunos-x64": "0.18.0",
        "@esbuild/win32-arm64": "0.18.0",
        "@esbuild/win32-ia32": "0.18.0",
        "@esbuild/win32-x64": "0.18.0"
      }
    },
    "esbuild-rails": {
      "version": "1.0.7",
      "resolved": "https://registry.npmjs.org/esbuild-rails/-/esbuild-rails-1.0.7.tgz",
      "integrity": "sha512-6LuKQnYY32fisBSJoMeDQm1V4MB17P95oV8Er145j77Yr7sDE6TpKKtXeprApN3YxE2rQUeU3il4LR3GHh5fIw==",
      "requires": {
        "fast-glob": "^3.2.12"
      }
    },
    "fast-glob": {
      "version": "3.2.12",
      "resolved": "https://registry.npmjs.org/fast-glob/-/fast-glob-3.2.12.tgz",
      "integrity": "sha512-DVj4CQIYYow0BlaelwK1pHl5n5cRSJfM60UA0zK891sVInoPri2Ekj7+e1CT3/3qxXenpI+nBBmQAcJPJgaj4w==",
      "requires": {
        "@nodelib/fs.stat": "^2.0.2",
        "@nodelib/fs.walk": "^1.2.3",
        "glob-parent": "^5.1.2",
        "merge2": "^1.3.0",
        "micromatch": "^4.0.4"
      }
    },
    "fastq": {
      "version": "1.15.0",
      "resolved": "https://registry.npmjs.org/fastq/-/fastq-1.15.0.tgz",
      "integrity": "sha512-wBrocU2LCXXa+lWBt8RoIRD89Fi8OdABODa/kEnyeyjS5aZO5/GNvI5sEINADqP/h8M29UHTHUb53sUu5Ihqdw==",
      "requires": {
        "reusify": "^1.0.4"
      }
    },
    "fill-range": {
      "version": "7.0.1",
      "resolved": "https://registry.npmjs.org/fill-range/-/fill-range-7.0.1.tgz",
      "integrity": "sha512-qOo9F+dMUmC2Lcb4BbVvnKJxTPjCm+RRpe4gDuGrzkL7mEVl/djYSu2OdQ2Pa302N4oqkSg9ir6jaLWJ2USVpQ==",
      "requires": {
        "to-regex-range": "^5.0.1"
      }
    },
    "fsevents": {
      "version": "2.3.2",
      "resolved": "https://registry.npmjs.org/fsevents/-/fsevents-2.3.2.tgz",
      "integrity": "sha512-xiqMQR4xAeHTuB9uWm+fFRcIOgKBMiOBP+eXiyT7jsgVCq1bkVygt00oASowB7EdtpOHaaPgKt812P9ab+DDKA==",
      "optional": true
    },
    "glob-parent": {
      "version": "5.1.2",
      "resolved": "https://registry.npmjs.org/glob-parent/-/glob-parent-5.1.2.tgz",
      "integrity": "sha512-AOIgSQCepiJYwP3ARnGx+5VnTu2HBYdzbGP45eLw1vr3zB3vZLeyed1sC9hnbcOc9/SrMyM5RPQrkGz4aS9Zow==",
      "requires": {
        "is-glob": "^4.0.1"
      }
    },
    "immutable": {
      "version": "4.3.0",
      "resolved": "https://registry.npmjs.org/immutable/-/immutable-4.3.0.tgz",
      "integrity": "sha512-0AOCmOip+xgJwEVTQj1EfiDDOkPmuyllDuTuEX+DDXUgapLAsBIfkg3sxCYyCEA8mQqZrrxPUGjcOQ2JS3WLkg=="
    },
    "interactjs": {
      "version": "1.10.18",
      "resolved": "https://registry.npmjs.org/interactjs/-/interactjs-1.10.18.tgz",
      "integrity": "sha512-ho+Qgr5U3b3oz23Iv7MkIZGoWaTsSCRnrCL34Dtjzs5eFghwpESJeiPj9RhYKc/SgRJL9anR+2OQxFsCg4PmLA==",
      "requires": {
        "@interactjs/types": "1.10.18"
      }
    },
    "is-binary-path": {
      "version": "2.1.0",
      "resolved": "https://registry.npmjs.org/is-binary-path/-/is-binary-path-2.1.0.tgz",
      "integrity": "sha512-ZMERYes6pDydyuGidse7OsHxtbI7WVeUEozgR/g7rd0xUimYNlvZRE/K2MgZTjWy725IfelLeVcEM97mmtRGXw==",
      "requires": {
        "binary-extensions": "^2.0.0"
      }
    },
    "is-extglob": {
      "version": "2.1.1",
      "resolved": "https://registry.npmjs.org/is-extglob/-/is-extglob-2.1.1.tgz",
      "integrity": "sha512-SbKbANkN603Vi4jEZv49LeVJMn4yGwsbzZworEoyEiutsN3nJYdbO36zfhGJ6QEDpOZIFkDtnq5JRxmvl3jsoQ=="
    },
    "is-glob": {
      "version": "4.0.3",
      "resolved": "https://registry.npmjs.org/is-glob/-/is-glob-4.0.3.tgz",
      "integrity": "sha512-xelSayHH36ZgE7ZWhli7pW34hNbNl8Ojv5KVmkJD4hBdD3th8Tfk9vYasLM+mXWOZhFkgZfxhLSnrwRr4elSSg==",
      "requires": {
        "is-extglob": "^2.1.1"
      }
    },
    "is-number": {
      "version": "7.0.0",
      "resolved": "https://registry.npmjs.org/is-number/-/is-number-7.0.0.tgz",
      "integrity": "sha512-41Cifkg6e8TylSpdtTpeLVMqvSBEVzTttHvERD741+pnZ8ANv0004MRL43QKPDlK9cGvNp6NZWZUBlbGXYxxng=="
    },
    "merge2": {
      "version": "1.4.1",
      "resolved": "https://registry.npmjs.org/merge2/-/merge2-1.4.1.tgz",
      "integrity": "sha512-8q7VEgMJW4J8tcfVPy8g09NcQwZdbwFEqhe/WZkoIzjn/3TGDwtOCYtXGxA3O8tPzpczCCDgv+P2P5y00ZJOOg=="
    },
    "micromatch": {
      "version": "4.0.5",
      "resolved": "https://registry.npmjs.org/micromatch/-/micromatch-4.0.5.tgz",
      "integrity": "sha512-DMy+ERcEW2q8Z2Po+WNXuw3c5YaUSFjAO5GsJqfEl7UjvtIuFKO6ZrKvcItdy98dwFI2N1tg3zNIdKaQT+aNdA==",
      "requires": {
        "braces": "^3.0.2",
        "picomatch": "^2.3.1"
      }
    },
    "normalize-path": {
      "version": "3.0.0",
      "resolved": "https://registry.npmjs.org/normalize-path/-/normalize-path-3.0.0.tgz",
      "integrity": "sha512-6eZs5Ls3WtCisHWp9S2GUy8dqkpGi4BVSz3GaqiE6ezub0512ESztXUwUB6C6IKbQkY2Pnb/mD4WYojCRwcwLA=="
    },
    "picomatch": {
      "version": "2.3.1",
      "resolved": "https://registry.npmjs.org/picomatch/-/picomatch-2.3.1.tgz",
      "integrity": "sha512-JU3teHTNjmE2VCGFzuY8EXzCDVwEqB2a8fsIvwaStHhAWJEeVd1o1QD80CU6+ZdEXXSLbSsuLwJjkCBWqRQUVA=="
    },
    "queue-microtask": {
      "version": "1.2.3",
      "resolved": "https://registry.npmjs.org/queue-microtask/-/queue-microtask-1.2.3.tgz",
      "integrity": "sha512-NuaNSa6flKT5JaSYQzJok04JzTL1CA6aGhv5rfLW3PgqA+M2ChpZQnAC8h8i4ZFkBS8X5RqkDBHA7r4hej3K9A=="
    },
    "readdirp": {
      "version": "3.6.0",
      "resolved": "https://registry.npmjs.org/readdirp/-/readdirp-3.6.0.tgz",
      "integrity": "sha512-hOS089on8RduqdbhvQ5Z37A0ESjsqz6qnRcffsMU3495FuTdqSm+7bhJ29JvIOsBDEEnan5DPu9t3To9VRlMzA==",
      "requires": {
        "picomatch": "^2.2.1"
      }
    },
    "reusify": {
      "version": "1.0.4",
      "resolved": "https://registry.npmjs.org/reusify/-/reusify-1.0.4.tgz",
      "integrity": "sha512-U9nH88a3fc/ekCF1l0/UP1IosiuIjyTh7hBvXVMHYgVcfGvt897Xguj2UOLDeI5BG2m7/uwyaLVT6fbtCwTyzw=="
    },
    "run-parallel": {
      "version": "1.2.0",
      "resolved": "https://registry.npmjs.org/run-parallel/-/run-parallel-1.2.0.tgz",
      "integrity": "sha512-5l4VyZR86LZ/lDxZTR6jqL8AFE2S0IFLMP26AbjsLVADxHdhB/c0GUsH+y39UfCi3dzz8OlQuPmnaJOMoDHQBA==",
      "requires": {
        "queue-microtask": "^1.2.2"
      }
    },
    "sass": {
      "version": "1.63.3",
      "resolved": "https://registry.npmjs.org/sass/-/sass-1.63.3.tgz",
      "integrity": "sha512-ySdXN+DVpfwq49jG1+hmtDslYqpS7SkOR5GpF6o2bmb1RL/xS+wvPmegMvMywyfsmAV6p7TgwXYGrCZIFFbAHg==",
      "requires": {
        "chokidar": ">=3.0.0 <4.0.0",
        "immutable": "^4.0.0",
        "source-map-js": ">=0.6.2 <2.0.0"
      }
    },
    "sortablejs": {
      "version": "1.15.0",
      "resolved": "https://registry.npmjs.org/sortablejs/-/sortablejs-1.15.0.tgz",
      "integrity": "sha512-bv9qgVMjUMf89wAvM6AxVvS/4MX3sPeN0+agqShejLU5z5GX4C75ow1O2e5k4L6XItUyAK3gH6AxSbXrOM5e8w=="
    },
    "source-map-js": {
      "version": "1.0.2",
      "resolved": "https://registry.npmjs.org/source-map-js/-/source-map-js-1.0.2.tgz",
      "integrity": "sha512-R0XvVJ9WusLiqTCEiGCmICCMplcCkIwwR11mOSD9CR5u+IXYdiseeEuXCVAjS54zqwkLcPNnmU4OeJ6tUrWhDw=="
    },
    "to-regex-range": {
      "version": "5.0.1",
      "resolved": "https://registry.npmjs.org/to-regex-range/-/to-regex-range-5.0.1.tgz",
      "integrity": "sha512-65P7iz6X5yEr1cwcgvQxbbIw7Uk3gOy5dIdtZ4rDveLqhrdJP+Li/Hx6tyK0NEb+2GCyneCMJiGqrADCSNk8sQ==",
      "requires": {
        "is-number": "^7.0.0"
      }
    }
  }
}
